
Microsoft Visual Studio Solution File, Format Version 12.00
# Visual Studio 15
VisualStudioVersion = 15.0.27004.2002
MinimumVisualStudioVersion = 10.0.40219.1
Project("{FAE04EC0-301F-11D3-BF4B-00C04F79EFBC}") = "LearnItGirlApp", "LearnItGirlApp\LearnItGirlApp.csproj", "{7329A688-4242-4B06-8F9E-FB24C3B82C15}"
EndProject
Global
	GlobalSection(SolutionConfigurationPlatforms) = preSolution
		Debug|Any CPU = Debug|Any CPU
		Release|Any CPU = Release|Any CPU
	EndGlobalSection
	GlobalSection(ProjectConfigurationPlatforms) = postSolution
		{7329A688-4242-4B06-8F9E-FB24C3B82C15}.Debug|Any CPU.ActiveCfg = Debug|Any CPU
		{7329A688-4242-4B06-8F9E-FB24C3B82C15}.Debug|Any CPU.Build.0 = Debug|Any CPU
		{7329A688-4242-4B06-8F9E-FB24C3B82C15}.Release|Any CPU.ActiveCfg = Release|Any CPU
		{7329A688-4242-4B06-8F9E-FB24C3B82C15}.Release|Any CPU.Build.0 = Release|Any CPU
	EndGlobalSection
	GlobalSection(SolutionProperties) = preSolution
		HideSolutionNode = FALSE
	EndGlobalSection
	GlobalSection(ExtensibilityGlobals) = postSolution
		SolutionGuid = {1554BA85-66A6-4164-950A-D96FA4207C4D}
	EndGlobalSection
EndGlobal
